// !$*UTF8*$!
{
	archiveVersion = 1;
	classes = {
	};
	objectVersion = 56;
	objects = {

/* Begin PBXBuildFile section */
		873C0205291C219E008E3FAB /* NumPadView.swift in Sources */ = {isa = PBXBuildFile; fileRef = 873C0204291C219E008E3FAB /* NumPadView.swift */; };
		873C0207291C21AC008E3FAB /* NumButtonView.swift in Sources */ = {isa = PBXBuildFile; fileRef = 873C0206291C21AC008E3FAB /* NumButtonView.swift */; };
		873C020A291C23B9008E3FAB /* NumPadViewModel.swift in Sources */ = {isa = PBXBuildFile; fileRef = 873C0209291C23B9008E3FAB /* NumPadViewModel.swift */; };
		873C020C291C5B18008E3FAB /* SetWorkoutViewModelTests.swift in Sources */ = {isa = PBXBuildFile; fileRef = 873C020B291C5B18008E3FAB /* SetWorkoutViewModelTests.swift */; };
		8742F06C290BB91B00EA5BF4 /* SetWorkoutModel.swift in Sources */ = {isa = PBXBuildFile; fileRef = 8742F06B290BB91B00EA5BF4 /* SetWorkoutModel.swift */; };
		8742F07D290BC88B00EA5BF4 /* SetWorkoutViewModel.swift in Sources */ = {isa = PBXBuildFile; fileRef = 8742F07C290BC88B00EA5BF4 /* SetWorkoutViewModel.swift */; };
		8742F084290BD27900EA5BF4 /* SetWorkoutView.swift in Sources */ = {isa = PBXBuildFile; fileRef = 878D32F2290BB1800073D5A7 /* SetWorkoutView.swift */; };
		8742F08A290BD41E00EA5BF4 /* SetWorkoutItemView.swift in Sources */ = {isa = PBXBuildFile; fileRef = 8742F089290BD41E00EA5BF4 /* SetWorkoutItemView.swift */; };
		8742F08C290BD6B400EA5BF4 /* SetWorkoutOption.swift in Sources */ = {isa = PBXBuildFile; fileRef = 8742F08B290BD6B400EA5BF4 /* SetWorkoutOption.swift */; };
		8742F08F290BD84200EA5BF4 /* PreviewWorkoutModels.swift in Sources */ = {isa = PBXBuildFile; fileRef = 8742F08E290BD84200EA5BF4 /* PreviewWorkoutModels.swift */; };
		8742F092290BD9AA00EA5BF4 /* SetWorkoutItemViewModel.swift in Sources */ = {isa = PBXBuildFile; fileRef = 8742F091290BD9AA00EA5BF4 /* SetWorkoutItemViewModel.swift */; };
		8742F094290BE53F00EA5BF4 /* WorkoutView.swift in Sources */ = {isa = PBXBuildFile; fileRef = 8742F093290BE53F00EA5BF4 /* WorkoutView.swift */; };
		874DE29329103C4100940912 /* CircularLayoutView.swift in Sources */ = {isa = PBXBuildFile; fileRef = 874DE29229103C4100940912 /* CircularLayoutView.swift */; };
		874DE29529103EC400940912 /* UIScreenExtension.swift in Sources */ = {isa = PBXBuildFile; fileRef = 874DE29429103EC400940912 /* UIScreenExtension.swift */; };
		876E1F9F290A7D0E00041F19 /* RootView.swift in Sources */ = {isa = PBXBuildFile; fileRef = 876E1F9E290A7D0E00041F19 /* RootView.swift */; };
		876E1FA1290A7D2900041F19 /* RootViewModel.swift in Sources */ = {isa = PBXBuildFile; fileRef = 876E1FA0290A7D2900041F19 /* RootViewModel.swift */; };
		876E1FA3290A7DA500041F19 /* Status.swift in Sources */ = {isa = PBXBuildFile; fileRef = 876E1FA2290A7DA500041F19 /* Status.swift */; };
		876EAA362906B88D006B567B /* TabatUpApp.swift in Sources */ = {isa = PBXBuildFile; fileRef = 876EAA352906B88D006B567B /* TabatUpApp.swift */; };
		876EAA3A2906B88E006B567B /* Assets.xcassets in Resources */ = {isa = PBXBuildFile; fileRef = 876EAA392906B88E006B567B /* Assets.xcassets */; };
		876EAA6F2906FF31006B567B /* HomeView.swift in Sources */ = {isa = PBXBuildFile; fileRef = 876EAA6E2906FF31006B567B /* HomeView.swift */; };
		876EAA712906FF83006B567B /* DevelopmentAssets.xcassets in Resources */ = {isa = PBXBuildFile; fileRef = 876EAA702906FF83006B567B /* DevelopmentAssets.xcassets */; };
		8781F57C2916FE420051181A /* FadeOutViewBuilder.swift in Sources */ = {isa = PBXBuildFile; fileRef = 8781F57B2916FE420051181A /* FadeOutViewBuilder.swift */; };
		878D32F5290BB18E0073D5A7 /* LoadWorkoutView.swift in Sources */ = {isa = PBXBuildFile; fileRef = 878D32F4290BB18E0073D5A7 /* LoadWorkoutView.swift */; };
		878D32F7290BB1970073D5A7 /* TimerView.swift in Sources */ = {isa = PBXBuildFile; fileRef = 878D32F6290BB1970073D5A7 /* TimerView.swift */; };
		87AB151E2912E29600721ABF /* SetWorkoutViewModelFixture.swift in Sources */ = {isa = PBXBuildFile; fileRef = 87AB151D2912E29600721ABF /* SetWorkoutViewModelFixture.swift */; };
		87AB15202912E2A900721ABF /* SetWorkoutItemViewModelFixture.swift in Sources */ = {isa = PBXBuildFile; fileRef = 87AB151F2912E2A900721ABF /* SetWorkoutItemViewModelFixture.swift */; };
		87AB15222912E38A00721ABF /* SetWorkoutItemViewModelTests.swift in Sources */ = {isa = PBXBuildFile; fileRef = 87AB15212912E38A00721ABF /* SetWorkoutItemViewModelTests.swift */; };
		87F2C8C329128C2100FC0CFB /* StringExtension.swift in Sources */ = {isa = PBXBuildFile; fileRef = 87F2C8C229128C2100FC0CFB /* StringExtension.swift */; };
/* End PBXBuildFile section */

/* Begin PBXContainerItemProxy section */
		87AB15182912E28400721ABF /* PBXContainerItemProxy */ = {
			isa = PBXContainerItemProxy;
			containerPortal = 876EAA2A2906B88D006B567B /* Project object */;
			proxyType = 1;
			remoteGlobalIDString = 876EAA312906B88D006B567B;
			remoteInfo = TabatUp;
		};
/* End PBXContainerItemProxy section */

/* Begin PBXFileReference section */
		873C0204291C219E008E3FAB /* NumPadView.swift */ = {isa = PBXFileReference; lastKnownFileType = sourcecode.swift; path = NumPadView.swift; sourceTree = "<group>"; };
		873C0206291C21AC008E3FAB /* NumButtonView.swift */ = {isa = PBXFileReference; lastKnownFileType = sourcecode.swift; path = NumButtonView.swift; sourceTree = "<group>"; };
		873C0209291C23B9008E3FAB /* NumPadViewModel.swift */ = {isa = PBXFileReference; lastKnownFileType = sourcecode.swift; path = NumPadViewModel.swift; sourceTree = "<group>"; };
		873C020B291C5B18008E3FAB /* SetWorkoutViewModelTests.swift */ = {isa = PBXFileReference; lastKnownFileType = sourcecode.swift; path = SetWorkoutViewModelTests.swift; sourceTree = "<group>"; };
		8742F06B290BB91B00EA5BF4 /* SetWorkoutModel.swift */ = {isa = PBXFileReference; lastKnownFileType = sourcecode.swift; path = SetWorkoutModel.swift; sourceTree = "<group>"; };
		8742F07C290BC88B00EA5BF4 /* SetWorkoutViewModel.swift */ = {isa = PBXFileReference; lastKnownFileType = sourcecode.swift; path = SetWorkoutViewModel.swift; sourceTree = "<group>"; };
		8742F089290BD41E00EA5BF4 /* SetWorkoutItemView.swift */ = {isa = PBXFileReference; lastKnownFileType = sourcecode.swift; path = SetWorkoutItemView.swift; sourceTree = "<group>"; };
		8742F08B290BD6B400EA5BF4 /* SetWorkoutOption.swift */ = {isa = PBXFileReference; lastKnownFileType = sourcecode.swift; path = SetWorkoutOption.swift; sourceTree = "<group>"; };
		8742F08E290BD84200EA5BF4 /* PreviewWorkoutModels.swift */ = {isa = PBXFileReference; lastKnownFileType = sourcecode.swift; path = PreviewWorkoutModels.swift; sourceTree = "<group>"; };
		8742F091290BD9AA00EA5BF4 /* SetWorkoutItemViewModel.swift */ = {isa = PBXFileReference; lastKnownFileType = sourcecode.swift; path = SetWorkoutItemViewModel.swift; sourceTree = "<group>"; };
		8742F093290BE53F00EA5BF4 /* WorkoutView.swift */ = {isa = PBXFileReference; lastKnownFileType = sourcecode.swift; path = WorkoutView.swift; sourceTree = "<group>"; };
		874DE29229103C4100940912 /* CircularLayoutView.swift */ = {isa = PBXFileReference; lastKnownFileType = sourcecode.swift; path = CircularLayoutView.swift; sourceTree = "<group>"; };
		874DE29429103EC400940912 /* UIScreenExtension.swift */ = {isa = PBXFileReference; fileEncoding = 4; lastKnownFileType = sourcecode.swift; path = UIScreenExtension.swift; sourceTree = "<group>"; };
		876E1F9E290A7D0E00041F19 /* RootView.swift */ = {isa = PBXFileReference; lastKnownFileType = sourcecode.swift; path = RootView.swift; sourceTree = "<group>"; };
		876E1FA0290A7D2900041F19 /* RootViewModel.swift */ = {isa = PBXFileReference; lastKnownFileType = sourcecode.swift; path = RootViewModel.swift; sourceTree = "<group>"; };
		876E1FA2290A7DA500041F19 /* Status.swift */ = {isa = PBXFileReference; lastKnownFileType = sourcecode.swift; path = Status.swift; sourceTree = "<group>"; };
		876EAA322906B88D006B567B /* TabatUp.app */ = {isa = PBXFileReference; explicitFileType = wrapper.application; includeInIndex = 0; path = TabatUp.app; sourceTree = BUILT_PRODUCTS_DIR; };
		876EAA352906B88D006B567B /* TabatUpApp.swift */ = {isa = PBXFileReference; lastKnownFileType = sourcecode.swift; path = TabatUpApp.swift; sourceTree = "<group>"; };
		876EAA392906B88E006B567B /* Assets.xcassets */ = {isa = PBXFileReference; lastKnownFileType = folder.assetcatalog; path = Assets.xcassets; sourceTree = "<group>"; };
		876EAA6E2906FF31006B567B /* HomeView.swift */ = {isa = PBXFileReference; lastKnownFileType = sourcecode.swift; path = HomeView.swift; sourceTree = "<group>"; };
		876EAA702906FF83006B567B /* DevelopmentAssets.xcassets */ = {isa = PBXFileReference; lastKnownFileType = folder.assetcatalog; path = DevelopmentAssets.xcassets; sourceTree = "<group>"; };
		8781F57B2916FE420051181A /* FadeOutViewBuilder.swift */ = {isa = PBXFileReference; lastKnownFileType = sourcecode.swift; path = FadeOutViewBuilder.swift; sourceTree = "<group>"; };
		878D32F2290BB1800073D5A7 /* SetWorkoutView.swift */ = {isa = PBXFileReference; lastKnownFileType = sourcecode.swift; path = SetWorkoutView.swift; sourceTree = "<group>"; };
		878D32F4290BB18E0073D5A7 /* LoadWorkoutView.swift */ = {isa = PBXFileReference; lastKnownFileType = sourcecode.swift; path = LoadWorkoutView.swift; sourceTree = "<group>"; };
		878D32F6290BB1970073D5A7 /* TimerView.swift */ = {isa = PBXFileReference; lastKnownFileType = sourcecode.swift; path = TimerView.swift; sourceTree = "<group>"; };
		87AB15142912E28400721ABF /* TabatUpTests.xctest */ = {isa = PBXFileReference; explicitFileType = wrapper.cfbundle; includeInIndex = 0; path = TabatUpTests.xctest; sourceTree = BUILT_PRODUCTS_DIR; };
		87AB151D2912E29600721ABF /* SetWorkoutViewModelFixture.swift */ = {isa = PBXFileReference; lastKnownFileType = sourcecode.swift; path = SetWorkoutViewModelFixture.swift; sourceTree = "<group>"; };
		87AB151F2912E2A900721ABF /* SetWorkoutItemViewModelFixture.swift */ = {isa = PBXFileReference; lastKnownFileType = sourcecode.swift; path = SetWorkoutItemViewModelFixture.swift; sourceTree = "<group>"; };
		87AB15212912E38A00721ABF /* SetWorkoutItemViewModelTests.swift */ = {isa = PBXFileReference; lastKnownFileType = sourcecode.swift; path = SetWorkoutItemViewModelTests.swift; sourceTree = "<group>"; };
		87F2C8C229128C2100FC0CFB /* StringExtension.swift */ = {isa = PBXFileReference; lastKnownFileType = sourcecode.swift; path = StringExtension.swift; sourceTree = "<group>"; };
/* End PBXFileReference section */

/* Begin PBXFrameworksBuildPhase section */
		876EAA2F2906B88D006B567B /* Frameworks */ = {
			isa = PBXFrameworksBuildPhase;
			buildActionMask = 2147483647;
			files = (
			);
			runOnlyForDeploymentPostprocessing = 0;
		};
		87AB15112912E28400721ABF /* Frameworks */ = {
			isa = PBXFrameworksBuildPhase;
			buildActionMask = 2147483647;
			files = (
			);
			runOnlyForDeploymentPostprocessing = 0;
		};
/* End PBXFrameworksBuildPhase section */

/* Begin PBXGroup section */
		873C0203291C212F008E3FAB /* NumpadView */ = {
			isa = PBXGroup;
			children = (
				873C0204291C219E008E3FAB /* NumPadView.swift */,
				873C0206291C21AC008E3FAB /* NumButtonView.swift */,
			);
			path = NumpadView;
			sourceTree = "<group>";
		};
		873C0208291C229E008E3FAB /* SetWorkout */ = {
			isa = PBXGroup;
			children = (
				8742F07C290BC88B00EA5BF4 /* SetWorkoutViewModel.swift */,
				8742F091290BD9AA00EA5BF4 /* SetWorkoutItemViewModel.swift */,
				873C0209291C23B9008E3FAB /* NumPadViewModel.swift */,
			);
			path = SetWorkout;
			sourceTree = "<group>";
		};
		8742F080290BD1E900EA5BF4 /* Navigation */ = {
			isa = PBXGroup;
			children = (
				876EAA6E2906FF31006B567B /* HomeView.swift */,
				876E1F9E290A7D0E00041F19 /* RootView.swift */,
			);
			path = Navigation;
			sourceTree = "<group>";
		};
		8742F081290BD1F600EA5BF4 /* SetWorkout */ = {
			isa = PBXGroup;
			children = (
				8742F095290BE54200EA5BF4 /* WorkoutView */,
				878D32F2290BB1800073D5A7 /* SetWorkoutView.swift */,
			);
			path = SetWorkout;
			sourceTree = "<group>";
		};
		8742F087290BD2D400EA5BF4 /* Timer */ = {
			isa = PBXGroup;
			children = (
				878D32F6290BB1970073D5A7 /* TimerView.swift */,
			);
			path = Timer;
			sourceTree = "<group>";
		};
		8742F088290BD2DB00EA5BF4 /* LoadWorkout */ = {
			isa = PBXGroup;
			children = (
				878D32F4290BB18E0073D5A7 /* LoadWorkoutView.swift */,
			);
			path = LoadWorkout;
			sourceTree = "<group>";
		};
		8742F08D290BD82300EA5BF4 /* PreviewModels */ = {
			isa = PBXGroup;
			children = (
				8742F08E290BD84200EA5BF4 /* PreviewWorkoutModels.swift */,
			);
			path = PreviewModels;
			sourceTree = "<group>";
		};
		8742F095290BE54200EA5BF4 /* WorkoutView */ = {
			isa = PBXGroup;
			children = (
				873C0203291C212F008E3FAB /* NumpadView */,
				8742F089290BD41E00EA5BF4 /* SetWorkoutItemView.swift */,
				8742F093290BE53F00EA5BF4 /* WorkoutView.swift */,
				874DE29229103C4100940912 /* CircularLayoutView.swift */,
			);
			path = WorkoutView;
			sourceTree = "<group>";
		};
		876EAA292906B88D006B567B = {
			isa = PBXGroup;
			children = (
				876EAA342906B88D006B567B /* TabatUp */,
				87AB15152912E28400721ABF /* TabatUpTests */,
				876EAA332906B88D006B567B /* Products */,
			);
			sourceTree = "<group>";
		};
		876EAA332906B88D006B567B /* Products */ = {
			isa = PBXGroup;
			children = (
				876EAA322906B88D006B567B /* TabatUp.app */,
				87AB15142912E28400721ABF /* TabatUpTests.xctest */,
			);
			name = Products;
			sourceTree = "<group>";
		};
		876EAA342906B88D006B567B /* TabatUp */ = {
			isa = PBXGroup;
			children = (
				876EAA652906FBAB006B567B /* App */,
				876EAA642906FB95006B567B /* Domain */,
				876EAA662906FBB2006B567B /* UI */,
			);
			path = TabatUp;
			sourceTree = "<group>";
		};
		876EAA642906FB95006B567B /* Domain */ = {
			isa = PBXGroup;
			children = (
				876EAA6A2906FBD7006B567B /* Protocols */,
				876EAA692906FBD2006B567B /* Models */,
				876EAA682906FBCB006B567B /* Extensions */,
			);
			path = Domain;
			sourceTree = "<group>";
		};
		876EAA652906FBAB006B567B /* App */ = {
			isa = PBXGroup;
			children = (
				876EAA352906B88D006B567B /* TabatUpApp.swift */,
				876EAA672906FBC1006B567B /* Resources */,
			);
			path = App;
			sourceTree = "<group>";
		};
		876EAA662906FBB2006B567B /* UI */ = {
			isa = PBXGroup;
			children = (
				8781F57D2916FF010051181A /* ViewBuilders */,
				876EAA6C2906FF10006B567B /* ViewModels */,
				876EAA6D2906FF1A006B567B /* Views */,
			);
			path = UI;
			sourceTree = "<group>";
		};
		876EAA672906FBC1006B567B /* Resources */ = {
			isa = PBXGroup;
			children = (
				876EAA392906B88E006B567B /* Assets.xcassets */,
				876EAA702906FF83006B567B /* DevelopmentAssets.xcassets */,
			);
			path = Resources;
			sourceTree = "<group>";
		};
		876EAA682906FBCB006B567B /* Extensions */ = {
			isa = PBXGroup;
			children = (
				874DE29429103EC400940912 /* UIScreenExtension.swift */,
				87F2C8C229128C2100FC0CFB /* StringExtension.swift */,
			);
			path = Extensions;
			sourceTree = "<group>";
		};
		876EAA692906FBD2006B567B /* Models */ = {
			isa = PBXGroup;
			children = (
				8742F08D290BD82300EA5BF4 /* PreviewModels */,
				876E1FA2290A7DA500041F19 /* Status.swift */,
				8742F06B290BB91B00EA5BF4 /* SetWorkoutModel.swift */,
				8742F08B290BD6B400EA5BF4 /* SetWorkoutOption.swift */,
			);
			path = Models;
			sourceTree = "<group>";
		};
		876EAA6A2906FBD7006B567B /* Protocols */ = {
			isa = PBXGroup;
			children = (
			);
			path = Protocols;
			sourceTree = "<group>";
		};
		876EAA6C2906FF10006B567B /* ViewModels */ = {
			isa = PBXGroup;
			children = (
				876E1FA0290A7D2900041F19 /* RootViewModel.swift */,
				873C0208291C229E008E3FAB /* SetWorkout */,
			);
			path = ViewModels;
			sourceTree = "<group>";
		};
		876EAA6D2906FF1A006B567B /* Views */ = {
			isa = PBXGroup;
			children = (
				8742F080290BD1E900EA5BF4 /* Navigation */,
				8742F087290BD2D400EA5BF4 /* Timer */,
				8742F081290BD1F600EA5BF4 /* SetWorkout */,
				8742F088290BD2DB00EA5BF4 /* LoadWorkout */,
			);
			path = Views;
			sourceTree = "<group>";
		};
		8781F57D2916FF010051181A /* ViewBuilders */ = {
			isa = PBXGroup;
			children = (
				8781F57B2916FE420051181A /* FadeOutViewBuilder.swift */,
			);
			path = ViewBuilders;
			sourceTree = "<group>";
		};
		87AB15152912E28400721ABF /* TabatUpTests */ = {
			isa = PBXGroup;
			children = (
				87AB151D2912E29600721ABF /* SetWorkoutViewModelFixture.swift */,
				873C020B291C5B18008E3FAB /* SetWorkoutViewModelTests.swift */,
				87AB151F2912E2A900721ABF /* SetWorkoutItemViewModelFixture.swift */,
				87AB15212912E38A00721ABF /* SetWorkoutItemViewModelTests.swift */,
			);
			path = TabatUpTests;
			sourceTree = "<group>";
		};
/* End PBXGroup section */

/* Begin PBXNativeTarget section */
		876EAA312906B88D006B567B /* TabatUp */ = {
			isa = PBXNativeTarget;
			buildConfigurationList = 876EAA5B2906B88E006B567B /* Build configuration list for PBXNativeTarget "TabatUp" */;
			buildPhases = (
				876EAA2E2906B88D006B567B /* Sources */,
				876EAA2F2906B88D006B567B /* Frameworks */,
				876EAA302906B88D006B567B /* Resources */,
			);
			buildRules = (
			);
			dependencies = (
			);
			name = TabatUp;
			productName = TabatUp;
			productReference = 876EAA322906B88D006B567B /* TabatUp.app */;
			productType = "com.apple.product-type.application";
		};
		87AB15132912E28400721ABF /* TabatUpTests */ = {
			isa = PBXNativeTarget;
			buildConfigurationList = 87AB151A2912E28400721ABF /* Build configuration list for PBXNativeTarget "TabatUpTests" */;
			buildPhases = (
				87AB15102912E28400721ABF /* Sources */,
				87AB15112912E28400721ABF /* Frameworks */,
				87AB15122912E28400721ABF /* Resources */,
			);
			buildRules = (
			);
			dependencies = (
				87AB15192912E28400721ABF /* PBXTargetDependency */,
			);
			name = TabatUpTests;
			productName = TabatUpTests;
			productReference = 87AB15142912E28400721ABF /* TabatUpTests.xctest */;
			productType = "com.apple.product-type.bundle.unit-test";
		};
/* End PBXNativeTarget section */

/* Begin PBXProject section */
		876EAA2A2906B88D006B567B /* Project object */ = {
			isa = PBXProject;
			attributes = {
				BuildIndependentTargetsInParallel = 1;
				LastSwiftUpdateCheck = 1410;
				LastUpgradeCheck = 1410;
				TargetAttributes = {
					876EAA312906B88D006B567B = {
						CreatedOnToolsVersion = 14.1;
					};
					87AB15132912E28400721ABF = {
						CreatedOnToolsVersion = 14.1;
						TestTargetID = 876EAA312906B88D006B567B;
					};
				};
			};
			buildConfigurationList = 876EAA2D2906B88D006B567B /* Build configuration list for PBXProject "TabatUp" */;
			compatibilityVersion = "Xcode 14.0";
			developmentRegion = en;
			hasScannedForEncodings = 0;
			knownRegions = (
				en,
				Base,
			);
			mainGroup = 876EAA292906B88D006B567B;
			productRefGroup = 876EAA332906B88D006B567B /* Products */;
			projectDirPath = "";
			projectRoot = "";
			targets = (
				876EAA312906B88D006B567B /* TabatUp */,
				87AB15132912E28400721ABF /* TabatUpTests */,
			);
		};
/* End PBXProject section */

/* Begin PBXResourcesBuildPhase section */
		876EAA302906B88D006B567B /* Resources */ = {
			isa = PBXResourcesBuildPhase;
			buildActionMask = 2147483647;
			files = (
				876EAA712906FF83006B567B /* DevelopmentAssets.xcassets in Resources */,
				876EAA3A2906B88E006B567B /* Assets.xcassets in Resources */,
			);
			runOnlyForDeploymentPostprocessing = 0;
		};
		87AB15122912E28400721ABF /* Resources */ = {
			isa = PBXResourcesBuildPhase;
			buildActionMask = 2147483647;
			files = (
			);
			runOnlyForDeploymentPostprocessing = 0;
		};
/* End PBXResourcesBuildPhase section */

/* Begin PBXSourcesBuildPhase section */
		876EAA2E2906B88D006B567B /* Sources */ = {
			isa = PBXSourcesBuildPhase;
			buildActionMask = 2147483647;
			files = (
				8742F08A290BD41E00EA5BF4 /* SetWorkoutItemView.swift in Sources */,
				874DE29529103EC400940912 /* UIScreenExtension.swift in Sources */,
				876EAA362906B88D006B567B /* TabatUpApp.swift in Sources */,
				873C0205291C219E008E3FAB /* NumPadView.swift in Sources */,
				8742F094290BE53F00EA5BF4 /* WorkoutView.swift in Sources */,
				873C020A291C23B9008E3FAB /* NumPadViewModel.swift in Sources */,
				8742F06C290BB91B00EA5BF4 /* SetWorkoutModel.swift in Sources */,
				874DE29329103C4100940912 /* CircularLayoutView.swift in Sources */,
				8742F092290BD9AA00EA5BF4 /* SetWorkoutItemViewModel.swift in Sources */,
				878D32F5290BB18E0073D5A7 /* LoadWorkoutView.swift in Sources */,
				876E1FA3290A7DA500041F19 /* Status.swift in Sources */,
				8742F08F290BD84200EA5BF4 /* PreviewWorkoutModels.swift in Sources */,
				8742F08C290BD6B400EA5BF4 /* SetWorkoutOption.swift in Sources */,
				8781F57C2916FE420051181A /* FadeOutViewBuilder.swift in Sources */,
				876EAA6F2906FF31006B567B /* HomeView.swift in Sources */,
				876E1FA1290A7D2900041F19 /* RootViewModel.swift in Sources */,
				878D32F7290BB1970073D5A7 /* TimerView.swift in Sources */,
				876E1F9F290A7D0E00041F19 /* RootView.swift in Sources */,
				87F2C8C329128C2100FC0CFB /* StringExtension.swift in Sources */,
				873C0207291C21AC008E3FAB /* NumButtonView.swift in Sources */,
				8742F07D290BC88B00EA5BF4 /* SetWorkoutViewModel.swift in Sources */,
				8742F084290BD27900EA5BF4 /* SetWorkoutView.swift in Sources */,
			);
			runOnlyForDeploymentPostprocessing = 0;
		};
		87AB15102912E28400721ABF /* Sources */ = {
			isa = PBXSourcesBuildPhase;
			buildActionMask = 2147483647;
			files = (
				87AB151E2912E29600721ABF /* SetWorkoutViewModelFixture.swift in Sources */,
				87AB15222912E38A00721ABF /* SetWorkoutItemViewModelTests.swift in Sources */,
				87AB15202912E2A900721ABF /* SetWorkoutItemViewModelFixture.swift in Sources */,
				873C020C291C5B18008E3FAB /* SetWorkoutViewModelTests.swift in Sources */,
			);
			runOnlyForDeploymentPostprocessing = 0;
		};
/* End PBXSourcesBuildPhase section */

/* Begin PBXTargetDependency section */
		87AB15192912E28400721ABF /* PBXTargetDependency */ = {
			isa = PBXTargetDependency;
			target = 876EAA312906B88D006B567B /* TabatUp */;
			targetProxy = 87AB15182912E28400721ABF /* PBXContainerItemProxy */;
		};
/* End PBXTargetDependency section */

/* Begin XCBuildConfiguration section */
		876EAA592906B88E006B567B /* Debug */ = {
			isa = XCBuildConfiguration;
			buildSettings = {
				ALWAYS_SEARCH_USER_PATHS = NO;
				CLANG_ANALYZER_NONNULL = YES;
				CLANG_ANALYZER_NUMBER_OBJECT_CONVERSION = YES_AGGRESSIVE;
				CLANG_CXX_LANGUAGE_STANDARD = "gnu++20";
				CLANG_ENABLE_MODULES = YES;
				CLANG_ENABLE_OBJC_ARC = YES;
				CLANG_ENABLE_OBJC_WEAK = YES;
				CLANG_WARN_BLOCK_CAPTURE_AUTORELEASING = YES;
				CLANG_WARN_BOOL_CONVERSION = YES;
				CLANG_WARN_COMMA = YES;
				CLANG_WARN_CONSTANT_CONVERSION = YES;
				CLANG_WARN_DEPRECATED_OBJC_IMPLEMENTATIONS = YES;
				CLANG_WARN_DIRECT_OBJC_ISA_USAGE = YES_ERROR;
				CLANG_WARN_DOCUMENTATION_COMMENTS = YES;
				CLANG_WARN_EMPTY_BODY = YES;
				CLANG_WARN_ENUM_CONVERSION = YES;
				CLANG_WARN_INFINITE_RECURSION = YES;
				CLANG_WARN_INT_CONVERSION = YES;
				CLANG_WARN_NON_LITERAL_NULL_CONVERSION = YES;
				CLANG_WARN_OBJC_IMPLICIT_RETAIN_SELF = YES;
				CLANG_WARN_OBJC_LITERAL_CONVERSION = YES;
				CLANG_WARN_OBJC_ROOT_CLASS = YES_ERROR;
				CLANG_WARN_QUOTED_INCLUDE_IN_FRAMEWORK_HEADER = YES;
				CLANG_WARN_RANGE_LOOP_ANALYSIS = YES;
				CLANG_WARN_STRICT_PROTOTYPES = YES;
				CLANG_WARN_SUSPICIOUS_MOVE = YES;
				CLANG_WARN_UNGUARDED_AVAILABILITY = YES_AGGRESSIVE;
				CLANG_WARN_UNREACHABLE_CODE = YES;
				CLANG_WARN__DUPLICATE_METHOD_MATCH = YES;
				COPY_PHASE_STRIP = NO;
				DEBUG_INFORMATION_FORMAT = dwarf;
				ENABLE_STRICT_OBJC_MSGSEND = YES;
				ENABLE_TESTABILITY = YES;
				GCC_C_LANGUAGE_STANDARD = gnu11;
				GCC_DYNAMIC_NO_PIC = NO;
				GCC_NO_COMMON_BLOCKS = YES;
				GCC_OPTIMIZATION_LEVEL = 0;
				GCC_PREPROCESSOR_DEFINITIONS = (
					"DEBUG=1",
					"$(inherited)",
				);
				GCC_WARN_64_TO_32_BIT_CONVERSION = YES;
				GCC_WARN_ABOUT_RETURN_TYPE = YES_ERROR;
				GCC_WARN_UNDECLARED_SELECTOR = YES;
				GCC_WARN_UNINITIALIZED_AUTOS = YES_AGGRESSIVE;
				GCC_WARN_UNUSED_FUNCTION = YES;
				GCC_WARN_UNUSED_VARIABLE = YES;
				IPHONEOS_DEPLOYMENT_TARGET = 16.1;
				MTL_ENABLE_DEBUG_INFO = INCLUDE_SOURCE;
				MTL_FAST_MATH = YES;
				ONLY_ACTIVE_ARCH = YES;
				SDKROOT = iphoneos;
				SWIFT_ACTIVE_COMPILATION_CONDITIONS = DEBUG;
				SWIFT_OPTIMIZATION_LEVEL = "-Onone";
			};
			name = Debug;
		};
		876EAA5A2906B88E006B567B /* Release */ = {
			isa = XCBuildConfiguration;
			buildSettings = {
				ALWAYS_SEARCH_USER_PATHS = NO;
				CLANG_ANALYZER_NONNULL = YES;
				CLANG_ANALYZER_NUMBER_OBJECT_CONVERSION = YES_AGGRESSIVE;
				CLANG_CXX_LANGUAGE_STANDARD = "gnu++20";
				CLANG_ENABLE_MODULES = YES;
				CLANG_ENABLE_OBJC_ARC = YES;
				CLANG_ENABLE_OBJC_WEAK = YES;
				CLANG_WARN_BLOCK_CAPTURE_AUTORELEASING = YES;
				CLANG_WARN_BOOL_CONVERSION = YES;
				CLANG_WARN_COMMA = YES;
				CLANG_WARN_CONSTANT_CONVERSION = YES;
				CLANG_WARN_DEPRECATED_OBJC_IMPLEMENTATIONS = YES;
				CLANG_WARN_DIRECT_OBJC_ISA_USAGE = YES_ERROR;
				CLANG_WARN_DOCUMENTATION_COMMENTS = YES;
				CLANG_WARN_EMPTY_BODY = YES;
				CLANG_WARN_ENUM_CONVERSION = YES;
				CLANG_WARN_INFINITE_RECURSION = YES;
				CLANG_WARN_INT_CONVERSION = YES;
				CLANG_WARN_NON_LITERAL_NULL_CONVERSION = YES;
				CLANG_WARN_OBJC_IMPLICIT_RETAIN_SELF = YES;
				CLANG_WARN_OBJC_LITERAL_CONVERSION = YES;
				CLANG_WARN_OBJC_ROOT_CLASS = YES_ERROR;
				CLANG_WARN_QUOTED_INCLUDE_IN_FRAMEWORK_HEADER = YES;
				CLANG_WARN_RANGE_LOOP_ANALYSIS = YES;
				CLANG_WARN_STRICT_PROTOTYPES = YES;
				CLANG_WARN_SUSPICIOUS_MOVE = YES;
				CLANG_WARN_UNGUARDED_AVAILABILITY = YES_AGGRESSIVE;
				CLANG_WARN_UNREACHABLE_CODE = YES;
				CLANG_WARN__DUPLICATE_METHOD_MATCH = YES;
				COPY_PHASE_STRIP = NO;
				DEBUG_INFORMATION_FORMAT = "dwarf-with-dsym";
				ENABLE_NS_ASSERTIONS = NO;
				ENABLE_STRICT_OBJC_MSGSEND = YES;
				GCC_C_LANGUAGE_STANDARD = gnu11;
				GCC_NO_COMMON_BLOCKS = YES;
				GCC_WARN_64_TO_32_BIT_CONVERSION = YES;
				GCC_WARN_ABOUT_RETURN_TYPE = YES_ERROR;
				GCC_WARN_UNDECLARED_SELECTOR = YES;
				GCC_WARN_UNINITIALIZED_AUTOS = YES_AGGRESSIVE;
				GCC_WARN_UNUSED_FUNCTION = YES;
				GCC_WARN_UNUSED_VARIABLE = YES;
				IPHONEOS_DEPLOYMENT_TARGET = 16.1;
				MTL_ENABLE_DEBUG_INFO = NO;
				MTL_FAST_MATH = YES;
				SDKROOT = iphoneos;
				SWIFT_COMPILATION_MODE = wholemodule;
				SWIFT_OPTIMIZATION_LEVEL = "-O";
				VALIDATE_PRODUCT = YES;
			};
			name = Release;
		};
		876EAA5C2906B88E006B567B /* Debug */ = {
			isa = XCBuildConfiguration;
			buildSettings = {
				ASSETCATALOG_COMPILER_APPICON_NAME = AppIcon;
				ASSETCATALOG_COMPILER_GLOBAL_ACCENT_COLOR_NAME = AccentColor;
				CODE_SIGN_STYLE = Automatic;
				CURRENT_PROJECT_VERSION = 1;
				DEVELOPMENT_ASSET_PATHS = TabatUp/App/Resources/DevelopmentAssets.xcassets;
				DEVELOPMENT_TEAM = 94HWZ76SXD;
				ENABLE_PREVIEWS = YES;
				GENERATE_INFOPLIST_FILE = YES;
				INFOPLIST_KEY_UIApplicationSceneManifest_Generation = YES;
				INFOPLIST_KEY_UIApplicationSupportsIndirectInputEvents = YES;
				INFOPLIST_KEY_UILaunchScreen_Generation = YES;
				INFOPLIST_KEY_UISupportedInterfaceOrientations_iPad = "UIInterfaceOrientationPortrait UIInterfaceOrientationPortraitUpsideDown UIInterfaceOrientationLandscapeLeft UIInterfaceOrientationLandscapeRight";
				INFOPLIST_KEY_UISupportedInterfaceOrientations_iPhone = "UIInterfaceOrientationPortrait UIInterfaceOrientationLandscapeLeft UIInterfaceOrientationLandscapeRight";
				LD_RUNPATH_SEARCH_PATHS = (
					"$(inherited)",
					"@executable_path/Frameworks",
				);
				MARKETING_VERSION = 1.0;
				PRODUCT_BUNDLE_IDENTIFIER = com.ismaelsabri.TabatUp;
				PRODUCT_NAME = "$(TARGET_NAME)";
				SWIFT_EMIT_LOC_STRINGS = YES;
				SWIFT_VERSION = 5.0;
				TARGETED_DEVICE_FAMILY = "1,2";
			};
			name = Debug;
		};
		876EAA5D2906B88E006B567B /* Release */ = {
			isa = XCBuildConfiguration;
			buildSettings = {
				ASSETCATALOG_COMPILER_APPICON_NAME = AppIcon;
				ASSETCATALOG_COMPILER_GLOBAL_ACCENT_COLOR_NAME = AccentColor;
				CODE_SIGN_STYLE = Automatic;
				CURRENT_PROJECT_VERSION = 1;
				DEVELOPMENT_ASSET_PATHS = TabatUp/App/Resources/DevelopmentAssets.xcassets;
				DEVELOPMENT_TEAM = 94HWZ76SXD;
				ENABLE_PREVIEWS = YES;
				GENERATE_INFOPLIST_FILE = YES;
				INFOPLIST_KEY_UIApplicationSceneManifest_Generation = YES;
				INFOPLIST_KEY_UIApplicationSupportsIndirectInputEvents = YES;
				INFOPLIST_KEY_UILaunchScreen_Generation = YES;
				INFOPLIST_KEY_UISupportedInterfaceOrientations_iPad = "UIInterfaceOrientationPortrait UIInterfaceOrientationPortraitUpsideDown UIInterfaceOrientationLandscapeLeft UIInterfaceOrientationLandscapeRight";
				INFOPLIST_KEY_UISupportedInterfaceOrientations_iPhone = "UIInterfaceOrientationPortrait UIInterfaceOrientationLandscapeLeft UIInterfaceOrientationLandscapeRight";
				LD_RUNPATH_SEARCH_PATHS = (
					"$(inherited)",
					"@executable_path/Frameworks",
				);
				MARKETING_VERSION = 1.0;
				PRODUCT_BUNDLE_IDENTIFIER = com.ismaelsabri.TabatUp;
				PRODUCT_NAME = "$(TARGET_NAME)";
				SWIFT_EMIT_LOC_STRINGS = YES;
				SWIFT_VERSION = 5.0;
				TARGETED_DEVICE_FAMILY = "1,2";
			};
			name = Release;
		};
		87AB151B2912E28400721ABF /* Debug */ = {
			isa = XCBuildConfiguration;
			buildSettings = {
				BUNDLE_LOADER = "$(TEST_HOST)";
				CODE_SIGN_STYLE = Automatic;
				CURRENT_PROJECT_VERSION = 1;
				DEVELOPMENT_TEAM = 94HWZ76SXD;
				GENERATE_INFOPLIST_FILE = YES;
				MARKETING_VERSION = 1.0;
				PRODUCT_BUNDLE_IDENTIFIER = com.ismaelsabri.TabatUpTests;
				PRODUCT_NAME = "$(TARGET_NAME)";
				SWIFT_EMIT_LOC_STRINGS = NO;
				SWIFT_VERSION = 5.0;
				TARGETED_DEVICE_FAMILY = "1,2";
				TEST_HOST = "$(BUILT_PRODUCTS_DIR)/TabatUp.app/$(BUNDLE_EXECUTABLE_FOLDER_PATH)/TabatUp";
			};
			name = Debug;
		};
		87AB151C2912E28400721ABF /* Release */ = {
			isa = XCBuildConfiguration;
			buildSettings = {
				BUNDLE_LOADER = "$(TEST_HOST)";
				CODE_SIGN_STYLE = Automatic;
				CURRENT_PROJECT_VERSION = 1;
				DEVELOPMENT_TEAM = 94HWZ76SXD;
				GENERATE_INFOPLIST_FILE = YES;
				MARKETING_VERSION = 1.0;
				PRODUCT_BUNDLE_IDENTIFIER = com.ismaelsabri.TabatUpTests;
				PRODUCT_NAME = "$(TARGET_NAME)";
				SWIFT_EMIT_LOC_STRINGS = NO;
				SWIFT_VERSION = 5.0;
				TARGETED_DEVICE_FAMILY = "1,2";
				TEST_HOST = "$(BUILT_PRODUCTS_DIR)/TabatUp.app/$(BUNDLE_EXECUTABLE_FOLDER_PATH)/TabatUp";
			};
			name = Release;
		};
/* End XCBuildConfiguration section */

/* Begin XCConfigurationList section */
		876EAA2D2906B88D006B567B /* Build configuration list for PBXProject "TabatUp" */ = {
			isa = XCConfigurationList;
			buildConfigurations = (
				876EAA592906B88E006B567B /* Debug */,
				876EAA5A2906B88E006B567B /* Release */,
			);
			defaultConfigurationIsVisible = 0;
			defaultConfigurationName = Release;
		};
		876EAA5B2906B88E006B567B /* Build configuration list for PBXNativeTarget "TabatUp" */ = {
			isa = XCConfigurationList;
			buildConfigurations = (
				876EAA5C2906B88E006B567B /* Debug */,
				876EAA5D2906B88E006B567B /* Release */,
			);
			defaultConfigurationIsVisible = 0;
			defaultConfigurationName = Release;
		};
		87AB151A2912E28400721ABF /* Build configuration list for PBXNativeTarget "TabatUpTests" */ = {
			isa = XCConfigurationList;
			buildConfigurations = (
				87AB151B2912E28400721ABF /* Debug */,
				87AB151C2912E28400721ABF /* Release */,
			);
			defaultConfigurationIsVisible = 0;
			defaultConfigurationName = Release;
		};
/* End XCConfigurationList section */
	};
	rootObject = 876EAA2A2906B88D006B567B /* Project object */;
}
